// !$*UTF8*$!
{
	archiveVersion = 1;
	classes = {
	};
	objectVersion = 46;
	objects = {

/* Begin PBXBuildFile section */
		CDF988D41A1055C300E93655 /* AppDelegate.swift in Sources */ = {isa = PBXBuildFile; fileRef = CDF988D31A1055C300E93655 /* AppDelegate.swift */; };
		CDF988D61A1055C300E93655 /* ViewController.swift in Sources */ = {isa = PBXBuildFile; fileRef = CDF988D51A1055C300E93655 /* ViewController.swift */; };
		CDF988D91A1055C300E93655 /* Main.storyboard in Resources */ = {isa = PBXBuildFile; fileRef = CDF988D71A1055C300E93655 /* Main.storyboard */; };
		CDF988DB1A1055C300E93655 /* Images.xcassets in Resources */ = {isa = PBXBuildFile; fileRef = CDF988DA1A1055C300E93655 /* Images.xcassets */; };
		CDF988DE1A1055C300E93655 /* LaunchScreen.xib in Resources */ = {isa = PBXBuildFile; fileRef = CDF988DC1A1055C300E93655 /* LaunchScreen.xib */; };
		CDF988EA1A1055C300E93655 /* challengeTests.swift in Sources */ = {isa = PBXBuildFile; fileRef = CDF988E91A1055C300E93655 /* challengeTests.swift */; };
/* End PBXBuildFile section */

/* Begin PBXContainerItemProxy section */
		CDF988E41A1055C300E93655 /* PBXContainerItemProxy */ = {
			isa = PBXContainerItemProxy;
			containerPortal = CDF988C61A1055C300E93655 /* Project object */;
			proxyType = 1;
			remoteGlobalIDString = CDF988CD1A1055C300E93655;
			remoteInfo = challenge;
		};
/* End PBXContainerItemProxy section */

/* Begin PBXFileReference section */
		CDF988CE1A1055C300E93655 /* challenge.app */ = {isa = PBXFileReference; explicitFileType = wrapper.application; includeInIndex = 0; path = challenge.app; sourceTree = BUILT_PRODUCTS_DIR; };
		CDF988D21A1055C300E93655 /* Info.plist */ = {isa = PBXFileReference; lastKnownFileType = text.plist.xml; path = Info.plist; sourceTree = "<group>"; };
		CDF988D31A1055C300E93655 /* AppDelegate.swift */ = {isa = PBXFileReference; lastKnownFileType = sourcecode.swift; path = AppDelegate.swift; sourceTree = "<group>"; };
		CDF988D51A1055C300E93655 /* ViewController.swift */ = {isa = PBXFileReference; lastKnownFileType = sourcecode.swift; path = ViewController.swift; sourceTree = "<group>"; };
		CDF988D81A1055C300E93655 /* Base */ = {isa = PBXFileReference; lastKnownFileType = file.storyboard; name = Base; path = Base.lproj/Main.storyboard; sourceTree = "<group>"; };
		CDF988DA1A1055C300E93655 /* Images.xcassets */ = {isa = PBXFileReference; lastKnownFileType = folder.assetcatalog; path = Images.xcassets; sourceTree = "<group>"; };
		CDF988DD1A1055C300E93655 /* Base */ = {isa = PBXFileReference; lastKnownFileType = file.xib; name = Base; path = Base.lproj/LaunchScreen.xib; sourceTree = "<group>"; };
		CDF988E31A1055C300E93655 /* challengeTests.xctest */ = {isa = PBXFileReference; explicitFileType = wrapper.cfbundle; includeInIndex = 0; path = challengeTests.xctest; sourceTree = BUILT_PRODUCTS_DIR; };
		CDF988E81A1055C300E93655 /* Info.plist */ = {isa = PBXFileReference; lastKnownFileType = text.plist.xml; path = Info.plist; sourceTree = "<group>"; };
		CDF988E91A1055C300E93655 /* challengeTests.swift */ = {isa = PBXFileReference; lastKnownFileType = sourcecode.swift; path = challengeTests.swift; sourceTree = "<group>"; };
/* End PBXFileReference section */

/* Begin PBXFrameworksBuildPhase section */
		CDF988CB1A1055C300E93655 /* Frameworks */ = {
			isa = PBXFrameworksBuildPhase;
			buildActionMask = 2147483647;
			files = (
			);
			runOnlyForDeploymentPostprocessing = 0;
		};
		CDF988E01A1055C300E93655 /* Frameworks */ = {
			isa = PBXFrameworksBuildPhase;
			buildActionMask = 2147483647;
			files = (
			);
			runOnlyForDeploymentPostprocessing = 0;
		};
/* End PBXFrameworksBuildPhase section */

/* Begin PBXGroup section */
		CDF988C51A1055C300E93655 = {
			isa = PBXGroup;
			children = (
				CDF988D01A1055C300E93655 /* challenge */,
				CDF988E61A1055C300E93655 /* challengeTests */,
				CDF988CF1A1055C300E93655 /* Products */,
			);
			sourceTree = "<group>";
		};
		CDF988CF1A1055C300E93655 /* Products */ = {
			isa = PBXGroup;
			children = (
				CDF988CE1A1055C300E93655 /* challenge.app */,
				CDF988E31A1055C300E93655 /* challengeTests.xctest */,
			);
			name = Products;
			sourceTree = "<group>";
		};
		CDF988D01A1055C300E93655 /* challenge */ = {
			isa = PBXGroup;
			children = (
				CDF988D31A1055C300E93655 /* AppDelegate.swift */,
				CDF988D51A1055C300E93655 /* ViewController.swift */,
				CDF988D71A1055C300E93655 /* Main.storyboard */,
				CDF988DA1A1055C300E93655 /* Images.xcassets */,
				CDF988DC1A1055C300E93655 /* LaunchScreen.xib */,
				CDF988D11A1055C300E93655 /* Supporting Files */,
			);
			path = challenge;
			sourceTree = "<group>";
		};
		CDF988D11A1055C300E93655 /* Supporting Files */ = {
			isa = PBXGroup;
			children = (
				CDF988D21A1055C300E93655 /* Info.plist */,
			);
			name = "Supporting Files";
			sourceTree = "<group>";
		};
		CDF988E61A1055C300E93655 /* challengeTests */ = {
			isa = PBXGroup;
			children = (
				CDF988E91A1055C300E93655 /* challengeTests.swift */,
				CDF988E71A1055C300E93655 /* Supporting Files */,
			);
			path = challengeTests;
			sourceTree = "<group>";
		};
		CDF988E71A1055C300E93655 /* Supporting Files */ = {
			isa = PBXGroup;
			children = (
				CDF988E81A1055C300E93655 /* Info.plist */,
			);
			name = "Supporting Files";
			sourceTree = "<group>";
		};
/* End PBXGroup section */

/* Begin PBXNativeTarget section */
		CDF988CD1A1055C300E93655 /* challenge */ = {
			isa = PBXNativeTarget;
			buildConfigurationList = CDF988ED1A1055C300E93655 /* Build configuration list for PBXNativeTarget "challenge" */;
			buildPhases = (
				CDF988CA1A1055C300E93655 /* Sources */,
				CDF988CB1A1055C300E93655 /* Frameworks */,
				CDF988CC1A1055C300E93655 /* Resources */,
			);
			buildRules = (
			);
			dependencies = (
			);
			name = challenge;
			productName = challenge;
			productReference = CDF988CE1A1055C300E93655 /* challenge.app */;
			productType = "com.apple.product-type.application";
		};
		CDF988E21A1055C300E93655 /* challengeTests */ = {
			isa = PBXNativeTarget;
			buildConfigurationList = CDF988F01A1055C300E93655 /* Build configuration list for PBXNativeTarget "challengeTests" */;
			buildPhases = (
				CDF988DF1A1055C300E93655 /* Sources */,
				CDF988E01A1055C300E93655 /* Frameworks */,
				CDF988E11A1055C300E93655 /* Resources */,
			);
			buildRules = (
			);
			dependencies = (
				CDF988E51A1055C300E93655 /* PBXTargetDependency */,
			);
			name = challengeTests;
			productName = challengeTests;
			productReference = CDF988E31A1055C300E93655 /* challengeTests.xctest */;
			productType = "com.apple.product-type.bundle.unit-test";
		};
/* End PBXNativeTarget section */

/* Begin PBXProject section */
		CDF988C61A1055C300E93655 /* Project object */ = {
			isa = PBXProject;
			attributes = {
				LastUpgradeCheck = 0610;
				ORGANIZATIONNAME = "andyb productions";
				TargetAttributes = {
					CDF988CD1A1055C300E93655 = {
						CreatedOnToolsVersion = 6.1;
					};
					CDF988E21A1055C300E93655 = {
						CreatedOnToolsVersion = 6.1;
						TestTargetID = CDF988CD1A1055C300E93655;
					};
				};
			};
			buildConfigurationList = CDF988C91A1055C300E93655 /* Build configuration list for PBXProject "challenge" */;
			compatibilityVersion = "Xcode 3.2";
			developmentRegion = English;
			hasScannedForEncodings = 0;
			knownRegions = (
				en,
				Base,
			);
			mainGroup = CDF988C51A1055C300E93655;
			productRefGroup = CDF988CF1A1055C300E93655 /* Products */;
			projectDirPath = "";
			projectRoot = "";
			targets = (
				CDF988CD1A1055C300E93655 /* challenge */,
				CDF988E21A1055C300E93655 /* challengeTests */,
			);
		};
/* End PBXProject section */

/* Begin PBXResourcesBuildPhase section */
		CDF988CC1A1055C300E93655 /* Resources */ = {
			isa = PBXResourcesBuildPhase;
			buildActionMask = 2147483647;
			files = (
				CDF988D91A1055C300E93655 /* Main.storyboard in Resources */,
				CDF988DE1A1055C300E93655 /* LaunchScreen.xib in Resources */,
				CDF988DB1A1055C300E93655 /* Images.xcassets in Resources */,
			);
			runOnlyForDeploymentPostprocessing = 0;
		};
		CDF988E11A1055C300E93655 /* Resources */ = {
			isa = PBXResourcesBuildPhase;
			buildActionMask = 2147483647;
			files = (
			);
			runOnlyForDeploymentPostprocessing = 0;
		};
/* End PBXResourcesBuildPhase section */

/* Begin PBXSourcesBuildPhase section */
		CDF988CA1A1055C300E93655 /* Sources */ = {
			isa = PBXSourcesBuildPhase;
			buildActionMask = 2147483647;
			files = (
				CDF988D61A1055C300E93655 /* ViewController.swift in Sources */,
				CDF988D41A1055C300E93655 /* AppDelegate.swift in Sources */,
			);
			runOnlyForDeploymentPostprocessing = 0;
		};
		CDF988DF1A1055C300E93655 /* Sources */ = {
			isa = PBXSourcesBuildPhase;
			buildActionMask = 2147483647;
			files = (
				CDF988EA1A1055C300E93655 /* challengeTests.swift in Sources */,
			);
			runOnlyForDeploymentPostprocessing = 0;
		};
/* End PBXSourcesBuildPhase section */

/* Begin PBXTargetDependency section */
		CDF988E51A1055C300E93655 /* PBXTargetDependency */ = {
			isa = PBXTargetDependency;
			target = CDF988CD1A1055C300E93655 /* challenge */;
			targetProxy = CDF988E41A1055C300E93655 /* PBXContainerItemProxy */;
		};
/* End PBXTargetDependency section */

/* Begin PBXVariantGroup section */
		CDF988D71A1055C300E93655 /* Main.storyboard */ = {
			isa = PBXVariantGroup;
			children = (
				CDF988D81A1055C300E93655 /* Base */,
			);
			name = Main.storyboard;
			sourceTree = "<group>";
		};
		CDF988DC1A1055C300E93655 /* LaunchScreen.xib */ = {
			isa = PBXVariantGroup;
			children = (
				CDF988DD1A1055C300E93655 /* Base */,
			);
			name = LaunchScreen.xib;
			sourceTree = "<group>";
		};
/* End PBXVariantGroup section */

/* Begin XCBuildConfiguration section */
		CDF988EB1A1055C300E93655 /* Debug */ = {
			isa = XCBuildConfiguration;
			buildSettings = {
				ALWAYS_SEARCH_USER_PATHS = NO;
				CLANG_CXX_LANGUAGE_STANDARD = "gnu++0x";
				CLANG_CXX_LIBRARY = "libc++";
				CLANG_ENABLE_MODULES = YES;
				CLANG_ENABLE_OBJC_ARC = YES;
				CLANG_WARN_BOOL_CONVERSION = YES;
				CLANG_WARN_CONSTANT_CONVERSION = YES;
				CLANG_WARN_DIRECT_OBJC_ISA_USAGE = YES_ERROR;
				CLANG_WARN_EMPTY_BODY = YES;
				CLANG_WARN_ENUM_CONVERSION = YES;
				CLANG_WARN_INT_CONVERSION = YES;
				CLANG_WARN_OBJC_ROOT_CLASS = YES_ERROR;
				CLANG_WARN_UNREACHABLE_CODE = YES;
				CLANG_WARN__DUPLICATE_METHOD_MATCH = YES;
				"CODE_SIGN_IDENTITY[sdk=iphoneos*]" = "iPhone Developer";
				COPY_PHASE_STRIP = NO;
				ENABLE_STRICT_OBJC_MSGSEND = YES;
				GCC_C_LANGUAGE_STANDARD = gnu99;
				GCC_DYNAMIC_NO_PIC = NO;
				GCC_OPTIMIZATION_LEVEL = 0;
				GCC_PREPROCESSOR_DEFINITIONS = (
					"DEBUG=1",
					"$(inherited)",
				);
				GCC_SYMBOLS_PRIVATE_EXTERN = NO;
				GCC_WARN_64_TO_32_BIT_CONVERSION = YES;
				GCC_WARN_ABOUT_RETURN_TYPE = YES_ERROR;
				GCC_WARN_UNDECLARED_SELECTOR = YES;
				GCC_WARN_UNINITIALIZED_AUTOS = YES_AGGRESSIVE;
				GCC_WARN_UNUSED_FUNCTION = YES;
				GCC_WARN_UNUSED_VARIABLE = YES;
				IPHONEOS_DEPLOYMENT_TARGET = 8.1;
				MTL_ENABLE_DEBUG_INFO = YES;
				ONLY_ACTIVE_ARCH = YES;
				SDKROOT = iphoneos;
				SWIFT_OPTIMIZATION_LEVEL = "-Onone";
			};
			name = Debug;
		};
		CDF988EC1A1055C300E93655 /* Release */ = {
			isa = XCBuildConfiguration;
			buildSettings = {
				ALWAYS_SEARCH_USER_PATHS = NO;
				CLANG_CXX_LANGUAGE_STANDARD = "gnu++0x";
				CLANG_CXX_LIBRARY = "libc++";
				CLANG_ENABLE_MODULES = YES;
				CLANG_ENABLE_OBJC_ARC = YES;
				CLANG_WARN_BOOL_CONVERSION = YES;
				CLANG_WARN_CONSTANT_CONVERSION = YES;
				CLANG_WARN_DIRECT_OBJC_ISA_USAGE = YES_ERROR;
				CLANG_WARN_EMPTY_BODY = YES;
				CLANG_WARN_ENUM_CONVERSION = YES;
				CLANG_WARN_INT_CONVERSION = YES;
				CLANG_WARN_OBJC_ROOT_CLASS = YES_ERROR;
				CLANG_WARN_UNREACHABLE_CODE = YES;
				CLANG_WARN__DUPLICATE_METHOD_MATCH = YES;
				"CODE_SIGN_IDENTITY[sdk=iphoneos*]" = "iPhone Developer";
				COPY_PHASE_STRIP = YES;
				ENABLE_NS_ASSERTIONS = NO;
				ENABLE_STRICT_OBJC_MSGSEND = YES;
				GCC_C_LANGUAGE_STANDARD = gnu99;
				GCC_WARN_64_TO_32_BIT_CONVERSION = YES;
				GCC_WARN_ABOUT_RETURN_TYPE = YES_ERROR;
				GCC_WARN_UNDECLARED_SELECTOR = YES;
				GCC_WARN_UNINITIALIZED_AUTOS = YES_AGGRESSIVE;
				GCC_WARN_UNUSED_FUNCTION = YES;
				GCC_WARN_UNUSED_VARIABLE = YES;
				IPHONEOS_DEPLOYMENT_TARGET = 8.1;
				MTL_ENABLE_DEBUG_INFO = NO;
				SDKROOT = iphoneos;
				VALIDATE_PRODUCT = YES;
			};
			name = Release;
		};
		CDF988EE1A1055C300E93655 /* Debug */ = {
			isa = XCBuildConfiguration;
			buildSettings = {
				ASSETCATALOG_COMPILER_APPICON_NAME = AppIcon;
				INFOPLIST_FILE = challenge/Info.plist;
				LD_RUNPATH_SEARCH_PATHS = "$(inherited) @executable_path/Frameworks";
				PRODUCT_NAME = "$(TARGET_NAME)";
			};
			name = Debug;
		};
		CDF988EF1A1055C300E93655 /* Release */ = {
			isa = XCBuildConfiguration;
			buildSettings = {
				ASSETCATALOG_COMPILER_APPICON_NAME = AppIcon;
				INFOPLIST_FILE = challenge/Info.plist;
				LD_RUNPATH_SEARCH_PATHS = "$(inherited) @executable_path/Frameworks";
				PRODUCT_NAME = "$(TARGET_NAME)";
			};
			name = Release;
		};
		CDF988F11A1055C300E93655 /* Debug */ = {
			isa = XCBuildConfiguration;
			buildSettings = {
				BUNDLE_LOADER = "$(TEST_HOST)";
				FRAMEWORK_SEARCH_PATHS = (
					"$(SDKROOT)/Developer/Library/Frameworks",
					"$(inherited)",
				);
				GCC_PREPROCESSOR_DEFINITIONS = (
					"DEBUG=1",
					"$(inherited)",
				);
				INFOPLIST_FILE = challengeTests/Info.plist;
				LD_RUNPATH_SEARCH_PATHS = "$(inherited) @executable_path/Frameworks @loader_path/Frameworks";
				PRODUCT_NAME = "$(TARGET_NAME)";
				TEST_HOST = "$(BUILT_PRODUCTS_DIR)/challenge.app/challenge";
			};
			name = Debug;
		};
		CDF988F21A1055C300E93655 /* Release */ = {
			isa = XCBuildConfiguration;
			buildSettings = {
				BUNDLE_LOADER = "$(TEST_HOST)";
				FRAMEWORK_SEARCH_PATHS = (
					"$(SDKROOT)/Developer/Library/Frameworks",
					"$(inherited)",
				);
				INFOPLIST_FILE = challengeTests/Info.plist;
				LD_RUNPATH_SEARCH_PATHS = "$(inherited) @executable_path/Frameworks @loader_path/Frameworks";
				PRODUCT_NAME = "$(TARGET_NAME)";
				TEST_HOST = "$(BUILT_PRODUCTS_DIR)/challenge.app/challenge";
			};
			name = Release;
		};
/* End XCBuildConfiguration section */

/* Begin XCConfigurationList section */
		CDF988C91A1055C300E93655 /* Build configuration list for PBXProject "challenge" */ = {
			isa = XCConfigurationList;
			buildConfigurations = (
				CDF988EB1A1055C300E93655 /* Debug */,
				CDF988EC1A1055C300E93655 /* Release */,
			);
			defaultConfigurationIsVisible = 0;
			defaultConfigurationName = Release;
		};
		CDF988ED1A1055C300E93655 /* Build configuration list for PBXNativeTarget "challenge" */ = {
			isa = XCConfigurationList;
			buildConfigurations = (
				CDF988EE1A1055C300E93655 /* Debug */,
				CDF988EF1A1055C300E93655 /* Release */,
			);
			defaultConfigurationIsVisible = 0;
		};
		CDF988F01A1055C300E93655 /* Build configuration list for PBXNativeTarget "challengeTests" */ = {
			isa = XCConfigurationList;
			buildConfigurations = (
				CDF988F11A1055C300E93655 /* Debug */,
				CDF988F21A1055C300E93655 /* Release */,
			);
			defaultConfigurationIsVisible = 0;
		};
/* End XCConfigurationList section */
	};
	rootObject = CDF988C61A1055C300E93655 /* Project object */;
}
